
Microsoft Visual Studio Solution File, Format Version 12.00
# Visual Studio Version 17
VisualStudioVersion = 17.0.31903.59
MinimumVisualStudioVersion = 10.0.40219.1
Project("{FAE04EC0-301F-11D3-BF4B-00C04F79EFBC}") = "Thoughtful.Domain", "Thoughtful.Domain\Thoughtful.Domain.csproj", "{75EFA5BE-276E-46B4-9EAE-4B2C7AA7CE87}"
EndProject
Project("{FAE04EC0-301F-11D3-BF4B-00C04F79EFBC}") = "Thoughtful.Dal", "Thoughtful.Dal\Thoughtful.Dal.csproj", "{16BAAE49-C741-48A5-AD51-B470BF622452}"
EndProject
Project("{FAE04EC0-301F-11D3-BF4B-00C04F79EFBC}") = "Thoughtful.Api", "Thoughtful.Api\Thoughtful.Api.csproj", "{6864C58F-CA62-4349-916B-A1226624DEEE}"
EndProject
Global
	GlobalSection(SolutionConfigurationPlatforms) = preSolution
		Debug|Any CPU = Debug|Any CPU
		Release|Any CPU = Release|Any CPU
	EndGlobalSection
	GlobalSection(ProjectConfigurationPlatforms) = postSolution
		{75EFA5BE-276E-46B4-9EAE-4B2C7AA7CE87}.Debug|Any CPU.ActiveCfg = Debug|Any CPU
		{75EFA5BE-276E-46B4-9EAE-4B2C7AA7CE87}.Debug|Any CPU.Build.0 = Debug|Any CPU
		{75EFA5BE-276E-46B4-9EAE-4B2C7AA7CE87}.Release|Any CPU.ActiveCfg = Release|Any CPU
		{75EFA5BE-276E-46B4-9EAE-4B2C7AA7CE87}.Release|Any CPU.Build.0 = Release|Any CPU
		{16BAAE49-C741-48A5-AD51-B470BF622452}.Debug|Any CPU.ActiveCfg = Debug|Any CPU
		{16BAAE49-C741-48A5-AD51-B470BF622452}.Debug|Any CPU.Build.0 = Debug|Any CPU
		{16BAAE49-C741-48A5-AD51-B470BF622452}.Release|Any CPU.ActiveCfg = Release|Any CPU
		{16BAAE49-C741-48A5-AD51-B470BF622452}.Release|Any CPU.Build.0 = Release|Any CPU
		{6864C58F-CA62-4349-916B-A1226624DEEE}.Debug|Any CPU.ActiveCfg = Debug|Any CPU
		{6864C58F-CA62-4349-916B-A1226624DEEE}.Debug|Any CPU.Build.0 = Debug|Any CPU
		{6864C58F-CA62-4349-916B-A1226624DEEE}.Release|Any CPU.ActiveCfg = Release|Any CPU
		{6864C58F-CA62-4349-916B-A1226624DEEE}.Release|Any CPU.Build.0 = Release|Any CPU
	EndGlobalSection
	GlobalSection(SolutionProperties) = preSolution
		HideSolutionNode = FALSE
	EndGlobalSection
	GlobalSection(ExtensibilityGlobals) = postSolution
		SolutionGuid = {C2CF4DEA-416A-4782-827C-E9ECE6A5ACEC}
	EndGlobalSection
EndGlobal
